
Microsoft Visual Studio Solution File, Format Version 12.00
# Visual Studio Version 17
VisualStudioVersion = 17.4.33213.308
MinimumVisualStudioVersion = 10.0.40219.1
Project("{FAE04EC0-301F-11D3-BF4B-00C04F79EFBC}") = "WindowsFormsApp1", "WindowsFormsApp1.csproj", "{8F7C2CB4-44BC-41E0-AFB7-9E75A467B977}"
EndProject
Global
	GlobalSection(SolutionConfigurationPlatforms) = preSolution
		Debug|Any CPU = Debug|Any CPU
		Release|Any CPU = Release|Any CPU
	EndGlobalSection
	GlobalSection(ProjectConfigurationPlatforms) = postSolution
		{8F7C2CB4-44BC-41E0-AFB7-9E75A467B977}.Debug|Any CPU.ActiveCfg = Debug|Any CPU
		{8F7C2CB4-44BC-41E0-AFB7-9E75A467B977}.Debug|Any CPU.Build.0 = Debug|Any CPU
		{8F7C2CB4-44BC-41E0-AFB7-9E75A467B977}.Release|Any CPU.ActiveCfg = Release|Any CPU
		{8F7C2CB4-44BC-41E0-AFB7-9E75A467B977}.Release|Any CPU.Build.0 = Release|Any CPU
	EndGlobalSection
	GlobalSection(SolutionProperties) = preSolution
		HideSolutionNode = FALSE
	EndGlobalSection
	GlobalSection(ExtensibilityGlobals) = postSolution
		SolutionGuid = {4B0174EC-3FC3-443D-AE3C-BD1D1EA14D1F}
	EndGlobalSection
EndGlobal
