
Microsoft Visual Studio Solution File, Format Version 12.00
# Visual Studio Version 17
VisualStudioVersion = 17.4.33213.308
MinimumVisualStudioVersion = 10.0.40219.1
Project("{FAE04EC0-301F-11D3-BF4B-00C04F79EFBC}") = "WindowsFormsApp1", "WindowsFormsApp1.csproj", "{7B0A76FE-C8D0-4537-8ABC-B61B93AC965F}"
EndProject
Global
	GlobalSection(SolutionConfigurationPlatforms) = preSolution
		Debug|Any CPU = Debug|Any CPU
		Release|Any CPU = Release|Any CPU
	EndGlobalSection
	GlobalSection(ProjectConfigurationPlatforms) = postSolution
		{7B0A76FE-C8D0-4537-8ABC-B61B93AC965F}.Debug|Any CPU.ActiveCfg = Debug|Any CPU
		{7B0A76FE-C8D0-4537-8ABC-B61B93AC965F}.Debug|Any CPU.Build.0 = Debug|Any CPU
		{7B0A76FE-C8D0-4537-8ABC-B61B93AC965F}.Release|Any CPU.ActiveCfg = Release|Any CPU
		{7B0A76FE-C8D0-4537-8ABC-B61B93AC965F}.Release|Any CPU.Build.0 = Release|Any CPU
	EndGlobalSection
	GlobalSection(SolutionProperties) = preSolution
		HideSolutionNode = FALSE
	EndGlobalSection
	GlobalSection(ExtensibilityGlobals) = postSolution
		SolutionGuid = {766BF19D-0882-44F2-B631-4D846411A504}
	EndGlobalSection
EndGlobal
